
Microsoft Visual Studio Solution File, Format Version 12.00
# Visual Studio Version 16
VisualStudioVersion = 25.0.1706.14
MinimumVisualStudioVersion = 10.0.40219.1
Project("{FAE04EC0-301F-11D3-BF4B-00C04F79EFBC}") = "MyCoreApp", "MyCoreApp\MyCoreApp.csproj", "{B41C538E-F89D-4618-8DF8-8C7BB61EFC27}"
EndProject
Global
	GlobalSection(SolutionConfigurationPlatforms) = preSolution
		Debug|Any CPU = Debug|Any CPU
		Release|Any CPU = Release|Any CPU
	EndGlobalSection
	GlobalSection(ProjectConfigurationPlatforms) = postSolution
		{B41C538E-F89D-4618-8DF8-8C7BB61EFC27}.Debug|Any CPU.ActiveCfg = Debug|Any CPU
		{B41C538E-F89D-4618-8DF8-8C7BB61EFC27}.Debug|Any CPU.Build.0 = Debug|Any CPU
		{B41C538E-F89D-4618-8DF8-8C7BB61EFC27}.Release|Any CPU.ActiveCfg = Release|Any CPU
		{B41C538E-F89D-4618-8DF8-8C7BB61EFC27}.Release|Any CPU.Build.0 = Release|Any CPU
	EndGlobalSection
	GlobalSection(SolutionProperties) = preSolution
		HideSolutionNode = FALSE
	EndGlobalSection
	GlobalSection(ExtensibilityGlobals) = postSolution
		SolutionGuid = {2EAACA59-7A1A-401E-A45D-E961EB366687}
	EndGlobalSection
EndGlobal
